// !$*UTF8*$!
{
	archiveVersion = 1;
	classes = {
	};
	objectVersion = 55;
	objects = {

/* Begin PBXBuildFile section */
		24A640E727F02A7F00891C23 /* AppDelegate.swift in Sources */ = {isa = PBXBuildFile; fileRef = 24A640E627F02A7F00891C23 /* AppDelegate.swift */; };
		24A640EB27F02A7F00891C23 /* ViewController.swift in Sources */ = {isa = PBXBuildFile; fileRef = 24A640EA27F02A7F00891C23 /* ViewController.swift */; };
		24A640F027F02A8300891C23 /* Assets.xcassets in Resources */ = {isa = PBXBuildFile; fileRef = 24A640EF27F02A8300891C23 /* Assets.xcassets */; };
		24A640F327F02A8300891C23 /* LaunchScreen.storyboard in Resources */ = {isa = PBXBuildFile; fileRef = 24A640F127F02A8300891C23 /* LaunchScreen.storyboard */; };
		24A640FC27F02E2000891C23 /* PasswordView.swift in Sources */ = {isa = PBXBuildFile; fileRef = 24A640FB27F02E2000891C23 /* PasswordView.swift */; };
		24A6410127F047EB00891C23 /* PasswordCriteriaView.swift in Sources */ = {isa = PBXBuildFile; fileRef = 24A6410027F047EB00891C23 /* PasswordCriteriaView.swift */; };
		24A6410327F04E7700891C23 /* PasswordStatusView.swift in Sources */ = {isa = PBXBuildFile; fileRef = 24A6410227F04E7700891C23 /* PasswordStatusView.swift */; };
		24A6410527F06C3300891C23 /* PasswordCriteria.swift in Sources */ = {isa = PBXBuildFile; fileRef = 24A6410427F06C3200891C23 /* PasswordCriteria.swift */; };
/* End PBXBuildFile section */

/* Begin PBXFileReference section */
		24A640E327F02A7F00891C23 /* Password.app */ = {isa = PBXFileReference; explicitFileType = wrapper.application; includeInIndex = 0; path = Password.app; sourceTree = BUILT_PRODUCTS_DIR; };
		24A640E627F02A7F00891C23 /* AppDelegate.swift */ = {isa = PBXFileReference; lastKnownFileType = sourcecode.swift; path = AppDelegate.swift; sourceTree = "<group>"; };
		24A640EA27F02A7F00891C23 /* ViewController.swift */ = {isa = PBXFileReference; lastKnownFileType = sourcecode.swift; path = ViewController.swift; sourceTree = "<group>"; };
		24A640EF27F02A8300891C23 /* Assets.xcassets */ = {isa = PBXFileReference; lastKnownFileType = folder.assetcatalog; path = Assets.xcassets; sourceTree = "<group>"; };
		24A640F227F02A8300891C23 /* Base */ = {isa = PBXFileReference; lastKnownFileType = file.storyboard; name = Base; path = Base.lproj/LaunchScreen.storyboard; sourceTree = "<group>"; };
		24A640F427F02A8300891C23 /* Info.plist */ = {isa = PBXFileReference; lastKnownFileType = text.plist.xml; path = Info.plist; sourceTree = "<group>"; };
		24A640FB27F02E2000891C23 /* PasswordView.swift */ = {isa = PBXFileReference; lastKnownFileType = sourcecode.swift; path = PasswordView.swift; sourceTree = "<group>"; };
		24A6410027F047EB00891C23 /* PasswordCriteriaView.swift */ = {isa = PBXFileReference; lastKnownFileType = sourcecode.swift; path = PasswordCriteriaView.swift; sourceTree = "<group>"; };
		24A6410227F04E7700891C23 /* PasswordStatusView.swift */ = {isa = PBXFileReference; lastKnownFileType = sourcecode.swift; path = PasswordStatusView.swift; sourceTree = "<group>"; };
		24A6410427F06C3200891C23 /* PasswordCriteria.swift */ = {isa = PBXFileReference; lastKnownFileType = sourcecode.swift; path = PasswordCriteria.swift; sourceTree = "<group>"; };
/* End PBXFileReference section */

/* Begin PBXFrameworksBuildPhase section */
		24A640E027F02A7F00891C23 /* Frameworks */ = {
			isa = PBXFrameworksBuildPhase;
			buildActionMask = 2147483647;
			files = (
			);
			runOnlyForDeploymentPostprocessing = 0;
		};
/* End PBXFrameworksBuildPhase section */

/* Begin PBXGroup section */
		24A640DA27F02A7F00891C23 = {
			isa = PBXGroup;
			children = (
				24A640E527F02A7F00891C23 /* Password */,
				24A640E427F02A7F00891C23 /* Products */,
			);
			sourceTree = "<group>";
		};
		24A640E427F02A7F00891C23 /* Products */ = {
			isa = PBXGroup;
			children = (
				24A640E327F02A7F00891C23 /* Password.app */,
			);
			name = Products;
			sourceTree = "<group>";
		};
		24A640E527F02A7F00891C23 /* Password */ = {
			isa = PBXGroup;
			children = (
				24A640E627F02A7F00891C23 /* AppDelegate.swift */,
				24A640EA27F02A7F00891C23 /* ViewController.swift */,
				24A640FB27F02E2000891C23 /* PasswordView.swift */,
				24A640FF27F047C600891C23 /* PasswordStatusView */,
				24A640FA27F02ACA00891C23 /* File */,
			);
			path = Password;
			sourceTree = "<group>";
		};
		24A640FA27F02ACA00891C23 /* File */ = {
			isa = PBXGroup;
			children = (
				24A640EF27F02A8300891C23 /* Assets.xcassets */,
				24A640F127F02A8300891C23 /* LaunchScreen.storyboard */,
				24A640F427F02A8300891C23 /* Info.plist */,
			);
			name = File;
			sourceTree = "<group>";
		};
		24A640FF27F047C600891C23 /* PasswordStatusView */ = {
			isa = PBXGroup;
			children = (
				24A6410227F04E7700891C23 /* PasswordStatusView.swift */,
				24A6410027F047EB00891C23 /* PasswordCriteriaView.swift */,
				24A6410427F06C3200891C23 /* PasswordCriteria.swift */,
			);
			name = PasswordStatusView;
			sourceTree = "<group>";
		};
/* End PBXGroup section */

/* Begin PBXNativeTarget section */
		24A640E227F02A7F00891C23 /* Password */ = {
			isa = PBXNativeTarget;
			buildConfigurationList = 24A640F727F02A8300891C23 /* Build configuration list for PBXNativeTarget "Password" */;
			buildPhases = (
				24A640DF27F02A7F00891C23 /* Sources */,
				24A640E027F02A7F00891C23 /* Frameworks */,
				24A640E127F02A7F00891C23 /* Resources */,
			);
			buildRules = (
			);
			dependencies = (
			);
			name = Password;
			productName = Password;
			productReference = 24A640E327F02A7F00891C23 /* Password.app */;
			productType = "com.apple.product-type.application";
		};
/* End PBXNativeTarget section */

/* Begin PBXProject section */
		24A640DB27F02A7F00891C23 /* Project object */ = {
			isa = PBXProject;
			attributes = {
				BuildIndependentTargetsInParallel = 1;
				LastSwiftUpdateCheck = 1330;
				LastUpgradeCheck = 1330;
				TargetAttributes = {
					24A640E227F02A7F00891C23 = {
						CreatedOnToolsVersion = 13.3;
					};
				};
			};
			buildConfigurationList = 24A640DE27F02A7F00891C23 /* Build configuration list for PBXProject "Password" */;
			compatibilityVersion = "Xcode 13.0";
			developmentRegion = en;
			hasScannedForEncodings = 0;
			knownRegions = (
				en,
				Base,
			);
			mainGroup = 24A640DA27F02A7F00891C23;
			productRefGroup = 24A640E427F02A7F00891C23 /* Products */;
			projectDirPath = "";
			projectRoot = "";
			targets = (
				24A640E227F02A7F00891C23 /* Password */,
			);
		};
/* End PBXProject section */

/* Begin PBXResourcesBuildPhase section */
		24A640E127F02A7F00891C23 /* Resources */ = {
			isa = PBXResourcesBuildPhase;
			buildActionMask = 2147483647;
			files = (
				24A640F327F02A8300891C23 /* LaunchScreen.storyboard in Resources */,
				24A640F027F02A8300891C23 /* Assets.xcassets in Resources */,
			);
			runOnlyForDeploymentPostprocessing = 0;
		};
/* End PBXResourcesBuildPhase section */

/* Begin PBXSourcesBuildPhase section */
		24A640DF27F02A7F00891C23 /* Sources */ = {
			isa = PBXSourcesBuildPhase;
			buildActionMask = 2147483647;
			files = (
				24A640EB27F02A7F00891C23 /* ViewController.swift in Sources */,
				24A6410527F06C3300891C23 /* PasswordCriteria.swift in Sources */,
				24A640FC27F02E2000891C23 /* PasswordView.swift in Sources */,
				24A6410127F047EB00891C23 /* PasswordCriteriaView.swift in Sources */,
				24A6410327F04E7700891C23 /* PasswordStatusView.swift in Sources */,
				24A640E727F02A7F00891C23 /* AppDelegate.swift in Sources */,
			);
			runOnlyForDeploymentPostprocessing = 0;
		};
/* End PBXSourcesBuildPhase section */

/* Begin PBXVariantGroup section */
		24A640F127F02A8300891C23 /* LaunchScreen.storyboard */ = {
			isa = PBXVariantGroup;
			children = (
				24A640F227F02A8300891C23 /* Base */,
			);
			name = LaunchScreen.storyboard;
			sourceTree = "<group>";
		};
/* End PBXVariantGroup section */

/* Begin XCBuildConfiguration section */
		24A640F527F02A8300891C23 /* Debug */ = {
			isa = XCBuildConfiguration;
			buildSettings = {
				ALWAYS_SEARCH_USER_PATHS = NO;
				CLANG_ANALYZER_NONNULL = YES;
				CLANG_ANALYZER_NUMBER_OBJECT_CONVERSION = YES_AGGRESSIVE;
				CLANG_CXX_LANGUAGE_STANDARD = "gnu++17";
				CLANG_ENABLE_MODULES = YES;
				CLANG_ENABLE_OBJC_ARC = YES;
				CLANG_ENABLE_OBJC_WEAK = YES;
				CLANG_WARN_BLOCK_CAPTURE_AUTORELEASING = YES;
				CLANG_WARN_BOOL_CONVERSION = YES;
				CLANG_WARN_COMMA = YES;
				CLANG_WARN_CONSTANT_CONVERSION = YES;
				CLANG_WARN_DEPRECATED_OBJC_IMPLEMENTATIONS = YES;
				CLANG_WARN_DIRECT_OBJC_ISA_USAGE = YES_ERROR;
				CLANG_WARN_DOCUMENTATION_COMMENTS = YES;
				CLANG_WARN_EMPTY_BODY = YES;
				CLANG_WARN_ENUM_CONVERSION = YES;
				CLANG_WARN_INFINITE_RECURSION = YES;
				CLANG_WARN_INT_CONVERSION = YES;
				CLANG_WARN_NON_LITERAL_NULL_CONVERSION = YES;
				CLANG_WARN_OBJC_IMPLICIT_RETAIN_SELF = YES;
				CLANG_WARN_OBJC_LITERAL_CONVERSION = YES;
				CLANG_WARN_OBJC_ROOT_CLASS = YES_ERROR;
				CLANG_WARN_QUOTED_INCLUDE_IN_FRAMEWORK_HEADER = YES;
				CLANG_WARN_RANGE_LOOP_ANALYSIS = YES;
				CLANG_WARN_STRICT_PROTOTYPES = YES;
				CLANG_WARN_SUSPICIOUS_MOVE = YES;
				CLANG_WARN_UNGUARDED_AVAILABILITY = YES_AGGRESSIVE;
				CLANG_WARN_UNREACHABLE_CODE = YES;
				CLANG_WARN__DUPLICATE_METHOD_MATCH = YES;
				COPY_PHASE_STRIP = NO;
				DEBUG_INFORMATION_FORMAT = dwarf;
				ENABLE_STRICT_OBJC_MSGSEND = YES;
				ENABLE_TESTABILITY = YES;
				GCC_C_LANGUAGE_STANDARD = gnu11;
				GCC_DYNAMIC_NO_PIC = NO;
				GCC_NO_COMMON_BLOCKS = YES;
				GCC_OPTIMIZATION_LEVEL = 0;
				GCC_PREPROCESSOR_DEFINITIONS = (
					"DEBUG=1",
					"$(inherited)",
				);
				GCC_WARN_64_TO_32_BIT_CONVERSION = YES;
				GCC_WARN_ABOUT_RETURN_TYPE = YES_ERROR;
				GCC_WARN_UNDECLARED_SELECTOR = YES;
				GCC_WARN_UNINITIALIZED_AUTOS = YES_AGGRESSIVE;
				GCC_WARN_UNUSED_FUNCTION = YES;
				GCC_WARN_UNUSED_VARIABLE = YES;
				IPHONEOS_DEPLOYMENT_TARGET = 15.4;
				MTL_ENABLE_DEBUG_INFO = INCLUDE_SOURCE;
				MTL_FAST_MATH = YES;
				ONLY_ACTIVE_ARCH = YES;
				SDKROOT = iphoneos;
				SWIFT_ACTIVE_COMPILATION_CONDITIONS = DEBUG;
				SWIFT_OPTIMIZATION_LEVEL = "-Onone";
			};
			name = Debug;
		};
		24A640F627F02A8300891C23 /* Release */ = {
			isa = XCBuildConfiguration;
			buildSettings = {
				ALWAYS_SEARCH_USER_PATHS = NO;
				CLANG_ANALYZER_NONNULL = YES;
				CLANG_ANALYZER_NUMBER_OBJECT_CONVERSION = YES_AGGRESSIVE;
				CLANG_CXX_LANGUAGE_STANDARD = "gnu++17";
				CLANG_ENABLE_MODULES = YES;
				CLANG_ENABLE_OBJC_ARC = YES;
				CLANG_ENABLE_OBJC_WEAK = YES;
				CLANG_WARN_BLOCK_CAPTURE_AUTORELEASING = YES;
				CLANG_WARN_BOOL_CONVERSION = YES;
				CLANG_WARN_COMMA = YES;
				CLANG_WARN_CONSTANT_CONVERSION = YES;
				CLANG_WARN_DEPRECATED_OBJC_IMPLEMENTATIONS = YES;
				CLANG_WARN_DIRECT_OBJC_ISA_USAGE = YES_ERROR;
				CLANG_WARN_DOCUMENTATION_COMMENTS = YES;
				CLANG_WARN_EMPTY_BODY = YES;
				CLANG_WARN_ENUM_CONVERSION = YES;
				CLANG_WARN_INFINITE_RECURSION = YES;
				CLANG_WARN_INT_CONVERSION = YES;
				CLANG_WARN_NON_LITERAL_NULL_CONVERSION = YES;
				CLANG_WARN_OBJC_IMPLICIT_RETAIN_SELF = YES;
				CLANG_WARN_OBJC_LITERAL_CONVERSION = YES;
				CLANG_WARN_OBJC_ROOT_CLASS = YES_ERROR;
				CLANG_WARN_QUOTED_INCLUDE_IN_FRAMEWORK_HEADER = YES;
				CLANG_WARN_RANGE_LOOP_ANALYSIS = YES;
				CLANG_WARN_STRICT_PROTOTYPES = YES;
				CLANG_WARN_SUSPICIOUS_MOVE = YES;
				CLANG_WARN_UNGUARDED_AVAILABILITY = YES_AGGRESSIVE;
				CLANG_WARN_UNREACHABLE_CODE = YES;
				CLANG_WARN__DUPLICATE_METHOD_MATCH = YES;
				COPY_PHASE_STRIP = NO;
				DEBUG_INFORMATION_FORMAT = "dwarf-with-dsym";
				ENABLE_NS_ASSERTIONS = NO;
				ENABLE_STRICT_OBJC_MSGSEND = YES;
				GCC_C_LANGUAGE_STANDARD = gnu11;
				GCC_NO_COMMON_BLOCKS = YES;
				GCC_WARN_64_TO_32_BIT_CONVERSION = YES;
				GCC_WARN_ABOUT_RETURN_TYPE = YES_ERROR;
				GCC_WARN_UNDECLARED_SELECTOR = YES;
				GCC_WARN_UNINITIALIZED_AUTOS = YES_AGGRESSIVE;
				GCC_WARN_UNUSED_FUNCTION = YES;
				GCC_WARN_UNUSED_VARIABLE = YES;
				IPHONEOS_DEPLOYMENT_TARGET = 15.4;
				MTL_ENABLE_DEBUG_INFO = NO;
				MTL_FAST_MATH = YES;
				SDKROOT = iphoneos;
				SWIFT_COMPILATION_MODE = wholemodule;
				SWIFT_OPTIMIZATION_LEVEL = "-O";
				VALIDATE_PRODUCT = YES;
			};
			name = Release;
		};
		24A640F827F02A8300891C23 /* Debug */ = {
			isa = XCBuildConfiguration;
			buildSettings = {
				ASSETCATALOG_COMPILER_APPICON_NAME = AppIcon;
				ASSETCATALOG_COMPILER_GLOBAL_ACCENT_COLOR_NAME = AccentColor;
				CODE_SIGN_STYLE = Automatic;
				CURRENT_PROJECT_VERSION = 1;
				DEVELOPMENT_TEAM = PP55FS799T;
				GENERATE_INFOPLIST_FILE = YES;
				INFOPLIST_FILE = Password/Info.plist;
				INFOPLIST_KEY_UIApplicationSupportsIndirectInputEvents = YES;
				INFOPLIST_KEY_UILaunchStoryboardName = LaunchScreen;
				INFOPLIST_KEY_UISupportedInterfaceOrientations_iPad = "UIInterfaceOrientationPortrait UIInterfaceOrientationPortraitUpsideDown UIInterfaceOrientationLandscapeLeft UIInterfaceOrientationLandscapeRight";
				INFOPLIST_KEY_UISupportedInterfaceOrientations_iPhone = "UIInterfaceOrientationPortrait UIInterfaceOrientationLandscapeLeft UIInterfaceOrientationLandscapeRight";
				LD_RUNPATH_SEARCH_PATHS = (
					"$(inherited)",
					"@executable_path/Frameworks",
				);
				MARKETING_VERSION = 1.0;
				PRODUCT_BUNDLE_IDENTIFIER = com.moralesmicaella.Password;
				PRODUCT_NAME = "$(TARGET_NAME)";
				SWIFT_EMIT_LOC_STRINGS = YES;
				SWIFT_VERSION = 5.0;
				TARGETED_DEVICE_FAMILY = "1,2";
			};
			name = Debug;
		};
		24A640F927F02A8300891C23 /* Release */ = {
			isa = XCBuildConfiguration;
			buildSettings = {
				ASSETCATALOG_COMPILER_APPICON_NAME = AppIcon;
				ASSETCATALOG_COMPILER_GLOBAL_ACCENT_COLOR_NAME = AccentColor;
				CODE_SIGN_STYLE = Automatic;
				CURRENT_PROJECT_VERSION = 1;
				DEVELOPMENT_TEAM = PP55FS799T;
				GENERATE_INFOPLIST_FILE = YES;
				INFOPLIST_FILE = Password/Info.plist;
				INFOPLIST_KEY_UIApplicationSupportsIndirectInputEvents = YES;
				INFOPLIST_KEY_UILaunchStoryboardName = LaunchScreen;
				INFOPLIST_KEY_UISupportedInterfaceOrientations_iPad = "UIInterfaceOrientationPortrait UIInterfaceOrientationPortraitUpsideDown UIInterfaceOrientationLandscapeLeft UIInterfaceOrientationLandscapeRight";
				INFOPLIST_KEY_UISupportedInterfaceOrientations_iPhone = "UIInterfaceOrientationPortrait UIInterfaceOrientationLandscapeLeft UIInterfaceOrientationLandscapeRight";
				LD_RUNPATH_SEARCH_PATHS = (
					"$(inherited)",
					"@executable_path/Frameworks",
				);
				MARKETING_VERSION = 1.0;
				PRODUCT_BUNDLE_IDENTIFIER = com.moralesmicaella.Password;
				PRODUCT_NAME = "$(TARGET_NAME)";
				SWIFT_EMIT_LOC_STRINGS = YES;
				SWIFT_VERSION = 5.0;
				TARGETED_DEVICE_FAMILY = "1,2";
			};
			name = Release;
		};
/* End XCBuildConfiguration section */

/* Begin XCConfigurationList section */
		24A640DE27F02A7F00891C23 /* Build configuration list for PBXProject "Password" */ = {
			isa = XCConfigurationList;
			buildConfigurations = (
				24A640F527F02A8300891C23 /* Debug */,
				24A640F627F02A8300891C23 /* Release */,
			);
			defaultConfigurationIsVisible = 0;
			defaultConfigurationName = Release;
		};
		24A640F727F02A8300891C23 /* Build configuration list for PBXNativeTarget "Password" */ = {
			isa = XCConfigurationList;
			buildConfigurations = (
				24A640F827F02A8300891C23 /* Debug */,
				24A640F927F02A8300891C23 /* Release */,
			);
			defaultConfigurationIsVisible = 0;
			defaultConfigurationName = Release;
		};
/* End XCConfigurationList section */
	};
	rootObject = 24A640DB27F02A7F00891C23 /* Project object */;
}
